
Microsoft Visual Studio Solution File, Format Version 12.00
# Visual Studio Version 16
VisualStudioVersion = 16.0.32929.386
MinimumVisualStudioVersion = 10.0.40219.1
Project("{FAE04EC0-301F-11D3-BF4B-00C04F79EFBC}") = "PictureViewer", "PictureViewer\PictureViewer.csproj", "{ECCAD17A-B860-4FC0-8B10-F3AAC1837ABF}"
EndProject
Global
	GlobalSection(SolutionConfigurationPlatforms) = preSolution
		Debug|Any CPU = Debug|Any CPU
		Release|Any CPU = Release|Any CPU
	EndGlobalSection
	GlobalSection(ProjectConfigurationPlatforms) = postSolution
		{ECCAD17A-B860-4FC0-8B10-F3AAC1837ABF}.Debug|Any CPU.ActiveCfg = Debug|Any CPU
		{ECCAD17A-B860-4FC0-8B10-F3AAC1837ABF}.Debug|Any CPU.Build.0 = Debug|Any CPU
		{ECCAD17A-B860-4FC0-8B10-F3AAC1837ABF}.Release|Any CPU.ActiveCfg = Release|Any CPU
		{ECCAD17A-B860-4FC0-8B10-F3AAC1837ABF}.Release|Any CPU.Build.0 = Release|Any CPU
	EndGlobalSection
	GlobalSection(SolutionProperties) = preSolution
		HideSolutionNode = FALSE
	EndGlobalSection
	GlobalSection(ExtensibilityGlobals) = postSolution
		SolutionGuid = {7FD14DB8-4A0F-4E17-AA9F-DD6EB06F388E}
	EndGlobalSection
EndGlobal
